# This file is generated by running "yarn install" inside your project.
# Manual changes might be lost - proceed with caution!

__metadata:
  version: 8
  cacheKey: 10c0

"@lucjosin/satori-og@file:../../::locator=ts-node%40workspace%3A.":
  version: 1.0.0
  resolution: "@lucjosin/satori-og@file:../../#../../::hash=d1bddc&locator=ts-node%40workspace%3A."
  dependencies:
    "@resvg/resvg-js": "npm:^2.6.2"
    satori: "npm:^0.10.14"
  checksum: b115385824b0d588fe0ff63da138b0745313e0173d7f497f16c740c1383054c1a4031a945c4ecb17d686059129bd67681b18c9193818d6e0a03ee6a6788f8b04
  languageName: node
  linkType: hard

"@resvg/resvg-js-android-arm-eabi@npm:2.6.2":
  version: 2.6.2
  resolution: "@resvg/resvg-js-android-arm-eabi@npm:2.6.2"
  conditions: os=android & cpu=arm
  languageName: node
  linkType: hard

"@resvg/resvg-js-android-arm64@npm:2.6.2":
  version: 2.6.2
  resolution: "@resvg/resvg-js-android-arm64@npm:2.6.2"
  conditions: os=android & cpu=arm64
  languageName: node
  linkType: hard

"@resvg/resvg-js-darwin-arm64@npm:2.6.2":
  version: 2.6.2
  resolution: "@resvg/resvg-js-darwin-arm64@npm:2.6.2"
  conditions: os=darwin & cpu=arm64
  languageName: node
  linkType: hard

"@resvg/resvg-js-darwin-x64@npm:2.6.2":
  version: 2.6.2
  resolution: "@resvg/resvg-js-darwin-x64@npm:2.6.2"
  conditions: os=darwin & cpu=x64
  languageName: node
  linkType: hard

"@resvg/resvg-js-linux-arm-gnueabihf@npm:2.6.2":
  version: 2.6.2
  resolution: "@resvg/resvg-js-linux-arm-gnueabihf@npm:2.6.2"
  conditions: os=linux & cpu=arm
  languageName: node
  linkType: hard

"@resvg/resvg-js-linux-arm64-gnu@npm:2.6.2":
  version: 2.6.2
  resolution: "@resvg/resvg-js-linux-arm64-gnu@npm:2.6.2"
  conditions: os=linux & cpu=arm64 & libc=glibc
  languageName: node
  linkType: hard

"@resvg/resvg-js-linux-arm64-musl@npm:2.6.2":
  version: 2.6.2
  resolution: "@resvg/resvg-js-linux-arm64-musl@npm:2.6.2"
  conditions: os=linux & cpu=arm64 & libc=musl
  languageName: node
  linkType: hard

"@resvg/resvg-js-linux-x64-gnu@npm:2.6.2":
  version: 2.6.2
  resolution: "@resvg/resvg-js-linux-x64-gnu@npm:2.6.2"
  conditions: os=linux & cpu=x64 & libc=glibc
  languageName: node
  linkType: hard

"@resvg/resvg-js-linux-x64-musl@npm:2.6.2":
  version: 2.6.2
  resolution: "@resvg/resvg-js-linux-x64-musl@npm:2.6.2"
  conditions: os=linux & cpu=x64 & libc=musl
  languageName: node
  linkType: hard

"@resvg/resvg-js-win32-arm64-msvc@npm:2.6.2":
  version: 2.6.2
  resolution: "@resvg/resvg-js-win32-arm64-msvc@npm:2.6.2"
  conditions: os=win32 & cpu=arm64
  languageName: node
  linkType: hard

"@resvg/resvg-js-win32-ia32-msvc@npm:2.6.2":
  version: 2.6.2
  resolution: "@resvg/resvg-js-win32-ia32-msvc@npm:2.6.2"
  conditions: os=win32 & cpu=ia32
  languageName: node
  linkType: hard

"@resvg/resvg-js-win32-x64-msvc@npm:2.6.2":
  version: 2.6.2
  resolution: "@resvg/resvg-js-win32-x64-msvc@npm:2.6.2"
  conditions: os=win32 & cpu=x64
  languageName: node
  linkType: hard

"@resvg/resvg-js@npm:^2.6.2":
  version: 2.6.2
  resolution: "@resvg/resvg-js@npm:2.6.2"
  dependencies:
    "@resvg/resvg-js-android-arm-eabi": "npm:2.6.2"
    "@resvg/resvg-js-android-arm64": "npm:2.6.2"
    "@resvg/resvg-js-darwin-arm64": "npm:2.6.2"
    "@resvg/resvg-js-darwin-x64": "npm:2.6.2"
    "@resvg/resvg-js-linux-arm-gnueabihf": "npm:2.6.2"
    "@resvg/resvg-js-linux-arm64-gnu": "npm:2.6.2"
    "@resvg/resvg-js-linux-arm64-musl": "npm:2.6.2"
    "@resvg/resvg-js-linux-x64-gnu": "npm:2.6.2"
    "@resvg/resvg-js-linux-x64-musl": "npm:2.6.2"
    "@resvg/resvg-js-win32-arm64-msvc": "npm:2.6.2"
    "@resvg/resvg-js-win32-ia32-msvc": "npm:2.6.2"
    "@resvg/resvg-js-win32-x64-msvc": "npm:2.6.2"
  dependenciesMeta:
    "@resvg/resvg-js-android-arm-eabi":
      optional: true
    "@resvg/resvg-js-android-arm64":
      optional: true
    "@resvg/resvg-js-darwin-arm64":
      optional: true
    "@resvg/resvg-js-darwin-x64":
      optional: true
    "@resvg/resvg-js-linux-arm-gnueabihf":
      optional: true
    "@resvg/resvg-js-linux-arm64-gnu":
      optional: true
    "@resvg/resvg-js-linux-arm64-musl":
      optional: true
    "@resvg/resvg-js-linux-x64-gnu":
      optional: true
    "@resvg/resvg-js-linux-x64-musl":
      optional: true
    "@resvg/resvg-js-win32-arm64-msvc":
      optional: true
    "@resvg/resvg-js-win32-ia32-msvc":
      optional: true
    "@resvg/resvg-js-win32-x64-msvc":
      optional: true
  checksum: f04192e98d7ead730f9474f07e81aa9d9b28dc18218028f2a15c808e1ab0de511f07d8a77e01d058534e78f0ef7e9f33201f15f052e28bbaabaf159c68698a5e
  languageName: node
  linkType: hard

"@shuding/opentype.js@npm:1.4.0-beta.0":
  version: 1.4.0-beta.0
  resolution: "@shuding/opentype.js@npm:1.4.0-beta.0"
  dependencies:
    fflate: "npm:^0.7.3"
    string.prototype.codepointat: "npm:^0.2.1"
  bin:
    ot: bin/ot
  checksum: 4827ce9268c1628b35f55adde7de19ed3656bd8a79f6b6467ea2b089724061056a58fe58ecd477cd65d46998194920c1f93042beeeb3dd29bfb9b4e078fde20e
  languageName: node
  linkType: hard

"@types/node@npm:^20.4.1":
  version: 20.16.0
  resolution: "@types/node@npm:20.16.0"
  dependencies:
    undici-types: "npm:~6.19.2"
  checksum: ad8e11e654af99b3556397c87a495cf3cf5d3e8e8bfa1f60e14d255763e9cde7e703d7309fb7c39e89c1191281f2759cb8314f36dee2ae0bf8779123fc85d90c
  languageName: node
  linkType: hard

"base64-js@npm:0.0.8":
  version: 0.0.8
  resolution: "base64-js@npm:0.0.8"
  checksum: 60f02a9fdbbbb251c0a1064834d4062f5a3c4237edd9f0313282d75980a80ce303316795f7a80c8e240e524169644d88445ec0697b03f81ab9f4458090979375
  languageName: node
  linkType: hard

"camelize@npm:^1.0.0":
  version: 1.0.1
  resolution: "camelize@npm:1.0.1"
  checksum: 4c9ac55efd356d37ac483bad3093758236ab686192751d1c9daa43188cc5a07b09bd431eb7458a4efd9ca22424bba23253e7b353feb35d7c749ba040de2385fb
  languageName: node
  linkType: hard

"color-name@npm:^1.1.4":
  version: 1.1.4
  resolution: "color-name@npm:1.1.4"
  checksum: a1a3f914156960902f46f7f56bc62effc6c94e84b2cae157a526b1c1f74b677a47ec602bf68a61abfa2b42d15b7c5651c6dbe72a43af720bc588dff885b10f95
  languageName: node
  linkType: hard

"css-background-parser@npm:^0.1.0":
  version: 0.1.0
  resolution: "css-background-parser@npm:0.1.0"
  checksum: 1065f975b766db95a81599e4e0559abb6c2ddbeb57eeff0de92851cd7e614a832185e81acb92115279c2bd437e8095d7b3cd07d0e1178ddc85f46418cf40a53f
  languageName: node
  linkType: hard

"css-box-shadow@npm:1.0.0-3":
  version: 1.0.0-3
  resolution: "css-box-shadow@npm:1.0.0-3"
  checksum: 320e90230d66cad98b4a9858b5704765f7eecfe4e7dc8198903634653384ba182fbe2d2ce689ed574812d4107c9f7f0ec68b3d58074bd9450dc5d5c81105c170
  languageName: node
  linkType: hard

"css-color-keywords@npm:^1.0.0":
  version: 1.0.0
  resolution: "css-color-keywords@npm:1.0.0"
  checksum: af205a86c68e0051846ed91eb3e30b4517e1904aac040013ff1d742019b3f9369ba5658ba40901dbbc121186fc4bf0e75a814321cc3e3182fbb2feb81c6d9cb7
  languageName: node
  linkType: hard

"css-to-react-native@npm:^3.0.0":
  version: 3.2.0
  resolution: "css-to-react-native@npm:3.2.0"
  dependencies:
    camelize: "npm:^1.0.0"
    css-color-keywords: "npm:^1.0.0"
    postcss-value-parser: "npm:^4.0.2"
  checksum: fde850a511d5d3d7c55a1e9b8ed26b69a8ad4868b3487e36ebfbfc0b96fc34bc977d9cd1d61a289d0c74d3f9a662d8cee297da53d4433bf2e27d6acdff8e1003
  languageName: node
  linkType: hard

"emoji-regex@npm:^10.2.1":
  version: 10.3.0
  resolution: "emoji-regex@npm:10.3.0"
  checksum: b4838e8dcdceb44cf47f59abe352c25ff4fe7857acaf5fb51097c427f6f75b44d052eb907a7a3b86f86bc4eae3a93f5c2b7460abe79c407307e6212d65c91163
  languageName: node
  linkType: hard

"escape-html@npm:^1.0.3":
  version: 1.0.3
  resolution: "escape-html@npm:1.0.3"
  checksum: 524c739d776b36c3d29fa08a22e03e8824e3b2fd57500e5e44ecf3cc4707c34c60f9ca0781c0e33d191f2991161504c295e98f68c78fe7baa6e57081ec6ac0a3
  languageName: node
  linkType: hard

"fflate@npm:^0.7.3":
  version: 0.7.4
  resolution: "fflate@npm:0.7.4"
  checksum: 5e749eb3a6ed61a0f6c55756abf9f4258f06f60505db689e22d18503dd252ca5af656d32668e4b7b20714adf8b313febf695d23863a8352f23e325baee0f672d
  languageName: node
  linkType: hard

"hex-rgb@npm:^4.1.0":
  version: 4.3.0
  resolution: "hex-rgb@npm:4.3.0"
  checksum: ce2c2ff260d9e0686bead74e3318c1684d8a2da856da30ed90535442f705fb4f5cd93ffe70274e2534a7319a99cda6a6617f23d4f163b72867f406e25ea30cb4
  languageName: node
  linkType: hard

"js-tokens@npm:^3.0.0 || ^4.0.0":
  version: 4.0.0
  resolution: "js-tokens@npm:4.0.0"
  checksum: e248708d377aa058eacf2037b07ded847790e6de892bbad3dac0abba2e759cb9f121b00099a65195616badcb6eca8d14d975cb3e89eb1cfda644756402c8aeed
  languageName: node
  linkType: hard

"linebreak@npm:^1.1.0":
  version: 1.1.0
  resolution: "linebreak@npm:1.1.0"
  dependencies:
    base64-js: "npm:0.0.8"
    unicode-trie: "npm:^2.0.0"
  checksum: b350c90d7b10db30345ed56cdb869548110ce73ccdc4337100eaee50755eed78e9823490e6f2d7ed0adde14f7ed2a12d8583015e072c54f34dc70b316fde133d
  languageName: node
  linkType: hard

"loose-envify@npm:^1.1.0":
  version: 1.4.0
  resolution: "loose-envify@npm:1.4.0"
  dependencies:
    js-tokens: "npm:^3.0.0 || ^4.0.0"
  bin:
    loose-envify: cli.js
  checksum: 655d110220983c1a4b9c0c679a2e8016d4b67f6e9c7b5435ff5979ecdb20d0813f4dec0a08674fcbdd4846a3f07edbb50a36811fd37930b94aaa0d9daceb017e
  languageName: node
  linkType: hard

"pako@npm:^0.2.5":
  version: 0.2.9
  resolution: "pako@npm:0.2.9"
  checksum: 79c1806ebcf325b60ae599e4d7227c2e346d7b829dc20f5cf24cef07c934079dc3a61c5b3c8278a2f7a190c4a613e343ea11e5302dbe252efd11712df4b6b041
  languageName: node
  linkType: hard

"parse-css-color@npm:^0.2.1":
  version: 0.2.1
  resolution: "parse-css-color@npm:0.2.1"
  dependencies:
    color-name: "npm:^1.1.4"
    hex-rgb: "npm:^4.1.0"
  checksum: 558f1d9874295a618717b88633fb15343fd4d2952c21b274c77503f251c1ed18086df6cec422b6ca67c8f8f0511baf327fae232d4ed12d55cf116695346161d3
  languageName: node
  linkType: hard

"postcss-value-parser@npm:^4.0.2, postcss-value-parser@npm:^4.2.0":
  version: 4.2.0
  resolution: "postcss-value-parser@npm:4.2.0"
  checksum: f4142a4f56565f77c1831168e04e3effd9ffcc5aebaf0f538eee4b2d465adfd4b85a44257bb48418202a63806a7da7fe9f56c330aebb3cac898e46b4cbf49161
  languageName: node
  linkType: hard

"react@npm:^18.3.1":
  version: 18.3.1
  resolution: "react@npm:18.3.1"
  dependencies:
    loose-envify: "npm:^1.1.0"
  checksum: 283e8c5efcf37802c9d1ce767f302dd569dd97a70d9bb8c7be79a789b9902451e0d16334b05d73299b20f048cbc3c7d288bbbde10b701fa194e2089c237dbea3
  languageName: node
  linkType: hard

"satori@npm:^0.10.14":
  version: 0.10.14
  resolution: "satori@npm:0.10.14"
  dependencies:
    "@shuding/opentype.js": "npm:1.4.0-beta.0"
    css-background-parser: "npm:^0.1.0"
    css-box-shadow: "npm:1.0.0-3"
    css-to-react-native: "npm:^3.0.0"
    emoji-regex: "npm:^10.2.1"
    escape-html: "npm:^1.0.3"
    linebreak: "npm:^1.1.0"
    parse-css-color: "npm:^0.2.1"
    postcss-value-parser: "npm:^4.2.0"
    yoga-wasm-web: "npm:^0.3.3"
  checksum: 874e7c869bf33e4d2337fc15a47a3ff97dc592370c2a599e0ad08ac87ba6b4b2800549adae81bbd7c12b773a5cf91ca726be543b7c43a132cab173d0e49e85c2
  languageName: node
  linkType: hard

"string.prototype.codepointat@npm:^0.2.1":
  version: 0.2.1
  resolution: "string.prototype.codepointat@npm:0.2.1"
  checksum: 83c4d2f83b6f3f8f377e0b36628b74a9efcaf5a725e6fb6354f15f30f0399c8f4b08956df883877b2b0f50dd2e644ed7e8b1f6d45bdee2dc5b3f4248796607fa
  languageName: node
  linkType: hard

"tiny-inflate@npm:^1.0.0":
  version: 1.0.3
  resolution: "tiny-inflate@npm:1.0.3"
  checksum: fab687537254f6ec44c9a2e880048fe70da3542aba28f73cda3e74c95cabf342a339372f2a6c032e322324f01accc03ca26c04ba2bad9b3eb8cf3ee99bba7f9b
  languageName: node
  linkType: hard

"ts-node@workspace:.":
  version: 0.0.0-use.local
  resolution: "ts-node@workspace:."
  dependencies:
    "@lucjosin/satori-og": "file:../../"
    "@types/node": "npm:^20.4.1"
    react: "npm:^18.3.1"
    typescript: "npm:^5.1.6"
  languageName: unknown
  linkType: soft

"typescript@npm:^5.1.6":
  version: 5.5.4
  resolution: "typescript@npm:5.5.4"
  bin:
    tsc: bin/tsc
    tsserver: bin/tsserver
  checksum: 422be60f89e661eab29ac488c974b6cc0a660fb2228003b297c3d10c32c90f3bcffc1009b43876a082515a3c376b1eefcce823d6e78982e6878408b9a923199c
  languageName: node
  linkType: hard

"typescript@patch:typescript@npm%3A^5.1.6#optional!builtin<compat/typescript>":
  version: 5.5.4
  resolution: "typescript@patch:typescript@npm%3A5.5.4#optional!builtin<compat/typescript>::version=5.5.4&hash=29ae49"
  bin:
    tsc: bin/tsc
    tsserver: bin/tsserver
  checksum: 10dd9881baba22763de859e8050d6cb6e2db854197495c6f1929b08d1eb2b2b00d0b5d9b0bcee8472f1c3f4a7ef6a5d7ebe0cfd703f853aa5ae465b8404bc1ba
  languageName: node
  linkType: hard

"undici-types@npm:~6.19.2":
  version: 6.19.6
  resolution: "undici-types@npm:6.19.6"
  checksum: 9b2264c5700e7169c6c62c643aac56cd8984c5fd7e18ed31ff11780260e137f6340dee8317a2e6e0ae3c49f5e5ef6fa577ea07193cbaa535265cba76a267cae9
  languageName: node
  linkType: hard

"unicode-trie@npm:^2.0.0":
  version: 2.0.0
  resolution: "unicode-trie@npm:2.0.0"
  dependencies:
    pako: "npm:^0.2.5"
    tiny-inflate: "npm:^1.0.0"
  checksum: 2422368645249f315640a1c9e9506046aa7738fc9c5d59e15c207cdd6ec66101c35b0b9f75dc3ac28fe7be19aaf1efc898bbea074fa1e8e295ef736aeb7904bb
  languageName: node
  linkType: hard

"yoga-wasm-web@npm:^0.3.3":
  version: 0.3.3
  resolution: "yoga-wasm-web@npm:0.3.3"
  checksum: d46ae3a436409e89eb0ea3b8c7624dafaf2c846d9038fdf8aa0cc839f73a2577b679bdc22997596177de74c580a6cdc3206c98fd2acd91b66f85462d9d9d260a
  languageName: node
  linkType: hard
